// !$*UTF8*$!
{
	archiveVersion = 1;
	classes = {
	};
	objectVersion = 46;
	objects = {

/* Begin PBXBuildFile section */
		6B45ADCA16E8D5810009D4F7 /* UIKit.framework in Frameworks */ = {isa = PBXBuildFile; fileRef = 6B45ADC916E8D5810009D4F7 /* UIKit.framework */; };
		6B45ADCC16E8D5810009D4F7 /* Foundation.framework in Frameworks */ = {isa = PBXBuildFile; fileRef = 6B45ADCB16E8D5810009D4F7 /* Foundation.framework */; };
		6B45ADCE16E8D5810009D4F7 /* CoreGraphics.framework in Frameworks */ = {isa = PBXBuildFile; fileRef = 6B45ADCD16E8D5810009D4F7 /* CoreGraphics.framework */; };
		6B45ADD416E8D5810009D4F7 /* InfoPlist.strings in Resources */ = {isa = PBXBuildFile; fileRef = 6B45ADD216E8D5810009D4F7 /* InfoPlist.strings */; };
		6B45ADD616E8D5810009D4F7 /* main.m in Sources */ = {isa = PBXBuildFile; fileRef = 6B45ADD516E8D5810009D4F7 /* main.m */; };
		6B45ADDA16E8D5810009D4F7 /* EventCheckAppDelegate.m in Sources */ = {isa = PBXBuildFile; fileRef = 6B45ADD916E8D5810009D4F7 /* EventCheckAppDelegate.m */; };
		6B45ADDC16E8D5810009D4F7 /* Default.png in Resources */ = {isa = PBXBuildFile; fileRef = 6B45ADDB16E8D5810009D4F7 /* Default.png */; };
		6B45ADDE16E8D5810009D4F7 /* Default@2x.png in Resources */ = {isa = PBXBuildFile; fileRef = 6B45ADDD16E8D5810009D4F7 /* Default@2x.png */; };
		6B45ADE016E8D5810009D4F7 /* Default-568h@2x.png in Resources */ = {isa = PBXBuildFile; fileRef = 6B45ADDF16E8D5810009D4F7 /* Default-568h@2x.png */; };
		6B45ADE316E8D5810009D4F7 /* MainStoryboard.storyboard in Resources */ = {isa = PBXBuildFile; fileRef = 6B45ADE116E8D5810009D4F7 /* MainStoryboard.storyboard */; };
		6B45ADE616E8D5810009D4F7 /* EventCheckViewController.m in Sources */ = {isa = PBXBuildFile; fileRef = 6B45ADE516E8D5810009D4F7 /* EventCheckViewController.m */; };
		6B45ADEE16E8D5E90009D4F7 /* MyWindow.m in Sources */ = {isa = PBXBuildFile; fileRef = 6B45ADED16E8D5E90009D4F7 /* MyWindow.m */; };
		6B45ADF116E8D8550009D4F7 /* MyViewA.m in Sources */ = {isa = PBXBuildFile; fileRef = 6B45ADF016E8D8550009D4F7 /* MyViewA.m */; };
		6B45ADF616E8DAF80009D4F7 /* MyViewB.m in Sources */ = {isa = PBXBuildFile; fileRef = 6B45ADF516E8DAF70009D4F7 /* MyViewB.m */; };
		6B45ADF916E8DB100009D4F7 /* MyViewC.m in Sources */ = {isa = PBXBuildFile; fileRef = 6B45ADF816E8DB100009D4F7 /* MyViewC.m */; };
		6B45ADFC16E8DB230009D4F7 /* MyViewD.m in Sources */ = {isa = PBXBuildFile; fileRef = 6B45ADFB16E8DB230009D4F7 /* MyViewD.m */; };
		6B45ADFF16E8DB2E0009D4F7 /* MyViewE.m in Sources */ = {isa = PBXBuildFile; fileRef = 6B45ADFE16E8DB2E0009D4F7 /* MyViewE.m */; };
		6B45AE0216E8DDBC0009D4F7 /* MyApplication.m in Sources */ = {isa = PBXBuildFile; fileRef = 6B45AE0116E8DDBC0009D4F7 /* MyApplication.m */; };
/* End PBXBuildFile section */

/* Begin PBXFileReference section */
		6B45ADC616E8D5810009D4F7 /* EventCheck.app */ = {isa = PBXFileReference; explicitFileType = wrapper.application; includeInIndex = 0; path = EventCheck.app; sourceTree = BUILT_PRODUCTS_DIR; };
		6B45ADC916E8D5810009D4F7 /* UIKit.framework */ = {isa = PBXFileReference; lastKnownFileType = wrapper.framework; name = UIKit.framework; path = System/Library/Frameworks/UIKit.framework; sourceTree = SDKROOT; };
		6B45ADCB16E8D5810009D4F7 /* Foundation.framework */ = {isa = PBXFileReference; lastKnownFileType = wrapper.framework; name = Foundation.framework; path = System/Library/Frameworks/Foundation.framework; sourceTree = SDKROOT; };
		6B45ADCD16E8D5810009D4F7 /* CoreGraphics.framework */ = {isa = PBXFileReference; lastKnownFileType = wrapper.framework; name = CoreGraphics.framework; path = System/Library/Frameworks/CoreGraphics.framework; sourceTree = SDKROOT; };
		6B45ADD116E8D5810009D4F7 /* EventCheck-Info.plist */ = {isa = PBXFileReference; lastKnownFileType = text.plist.xml; path = "EventCheck-Info.plist"; sourceTree = "<group>"; };
		6B45ADD316E8D5810009D4F7 /* en */ = {isa = PBXFileReference; lastKnownFileType = text.plist.strings; name = en; path = en.lproj/InfoPlist.strings; sourceTree = "<group>"; };
		6B45ADD516E8D5810009D4F7 /* main.m */ = {isa = PBXFileReference; lastKnownFileType = sourcecode.c.objc; path = main.m; sourceTree = "<group>"; };
		6B45ADD716E8D5810009D4F7 /* EventCheck-Prefix.pch */ = {isa = PBXFileReference; lastKnownFileType = sourcecode.c.h; path = "EventCheck-Prefix.pch"; sourceTree = "<group>"; };
		6B45ADD816E8D5810009D4F7 /* EventCheckAppDelegate.h */ = {isa = PBXFileReference; lastKnownFileType = sourcecode.c.h; path = EventCheckAppDelegate.h; sourceTree = "<group>"; };
		6B45ADD916E8D5810009D4F7 /* EventCheckAppDelegate.m */ = {isa = PBXFileReference; lastKnownFileType = sourcecode.c.objc; path = EventCheckAppDelegate.m; sourceTree = "<group>"; };
		6B45ADDB16E8D5810009D4F7 /* Default.png */ = {isa = PBXFileReference; lastKnownFileType = image.png; path = Default.png; sourceTree = "<group>"; };
		6B45ADDD16E8D5810009D4F7 /* Default@2x.png */ = {isa = PBXFileReference; lastKnownFileType = image.png; path = "Default@2x.png"; sourceTree = "<group>"; };
		6B45ADDF16E8D5810009D4F7 /* Default-568h@2x.png */ = {isa = PBXFileReference; lastKnownFileType = image.png; path = "Default-568h@2x.png"; sourceTree = "<group>"; };
		6B45ADE216E8D5810009D4F7 /* en */ = {isa = PBXFileReference; lastKnownFileType = file.storyboard; name = en; path = en.lproj/MainStoryboard.storyboard; sourceTree = "<group>"; };
		6B45ADE416E8D5810009D4F7 /* EventCheckViewController.h */ = {isa = PBXFileReference; lastKnownFileType = sourcecode.c.h; path = EventCheckViewController.h; sourceTree = "<group>"; };
		6B45ADE516E8D5810009D4F7 /* EventCheckViewController.m */ = {isa = PBXFileReference; lastKnownFileType = sourcecode.c.objc; path = EventCheckViewController.m; sourceTree = "<group>"; };
		6B45ADEC16E8D5E90009D4F7 /* MyWindow.h */ = {isa = PBXFileReference; fileEncoding = 4; lastKnownFileType = sourcecode.c.h; path = MyWindow.h; sourceTree = "<group>"; };
		6B45ADED16E8D5E90009D4F7 /* MyWindow.m */ = {isa = PBXFileReference; fileEncoding = 4; lastKnownFileType = sourcecode.c.objc; path = MyWindow.m; sourceTree = "<group>"; };
		6B45ADEF16E8D8550009D4F7 /* MyViewA.h */ = {isa = PBXFileReference; fileEncoding = 4; lastKnownFileType = sourcecode.c.h; path = MyViewA.h; sourceTree = "<group>"; };
		6B45ADF016E8D8550009D4F7 /* MyViewA.m */ = {isa = PBXFileReference; fileEncoding = 4; lastKnownFileType = sourcecode.c.objc; path = MyViewA.m; sourceTree = "<group>"; };
		6B45ADF416E8DAF70009D4F7 /* MyViewB.h */ = {isa = PBXFileReference; fileEncoding = 4; lastKnownFileType = sourcecode.c.h; path = MyViewB.h; sourceTree = "<group>"; };
		6B45ADF516E8DAF70009D4F7 /* MyViewB.m */ = {isa = PBXFileReference; fileEncoding = 4; lastKnownFileType = sourcecode.c.objc; path = MyViewB.m; sourceTree = "<group>"; };
		6B45ADF716E8DB100009D4F7 /* MyViewC.h */ = {isa = PBXFileReference; fileEncoding = 4; lastKnownFileType = sourcecode.c.h; path = MyViewC.h; sourceTree = "<group>"; };
		6B45ADF816E8DB100009D4F7 /* MyViewC.m */ = {isa = PBXFileReference; fileEncoding = 4; lastKnownFileType = sourcecode.c.objc; path = MyViewC.m; sourceTree = "<group>"; };
		6B45ADFA16E8DB230009D4F7 /* MyViewD.h */ = {isa = PBXFileReference; fileEncoding = 4; lastKnownFileType = sourcecode.c.h; path = MyViewD.h; sourceTree = "<group>"; };
		6B45ADFB16E8DB230009D4F7 /* MyViewD.m */ = {isa = PBXFileReference; fileEncoding = 4; lastKnownFileType = sourcecode.c.objc; path = MyViewD.m; sourceTree = "<group>"; };
		6B45ADFD16E8DB2E0009D4F7 /* MyViewE.h */ = {isa = PBXFileReference; fileEncoding = 4; lastKnownFileType = sourcecode.c.h; path = MyViewE.h; sourceTree = "<group>"; };
		6B45ADFE16E8DB2E0009D4F7 /* MyViewE.m */ = {isa = PBXFileReference; fileEncoding = 4; lastKnownFileType = sourcecode.c.objc; path = MyViewE.m; sourceTree = "<group>"; };
		6B45AE0016E8DDBC0009D4F7 /* MyApplication.h */ = {isa = PBXFileReference; fileEncoding = 4; lastKnownFileType = sourcecode.c.h; path = MyApplication.h; sourceTree = "<group>"; };
		6B45AE0116E8DDBC0009D4F7 /* MyApplication.m */ = {isa = PBXFileReference; fileEncoding = 4; lastKnownFileType = sourcecode.c.objc; path = MyApplication.m; sourceTree = "<group>"; };
/* End PBXFileReference section */

/* Begin PBXFrameworksBuildPhase section */
		6B45ADC316E8D5810009D4F7 /* Frameworks */ = {
			isa = PBXFrameworksBuildPhase;
			buildActionMask = 2147483647;
			files = (
				6B45ADCA16E8D5810009D4F7 /* UIKit.framework in Frameworks */,
				6B45ADCC16E8D5810009D4F7 /* Foundation.framework in Frameworks */,
				6B45ADCE16E8D5810009D4F7 /* CoreGraphics.framework in Frameworks */,
			);
			runOnlyForDeploymentPostprocessing = 0;
		};
/* End PBXFrameworksBuildPhase section */

/* Begin PBXGroup section */
		6B45ADBD16E8D5810009D4F7 = {
			isa = PBXGroup;
			children = (
				6B45ADCF16E8D5810009D4F7 /* EventCheck */,
				6B45ADC816E8D5810009D4F7 /* Frameworks */,
				6B45ADC716E8D5810009D4F7 /* Products */,
			);
			sourceTree = "<group>";
		};
		6B45ADC716E8D5810009D4F7 /* Products */ = {
			isa = PBXGroup;
			children = (
				6B45ADC616E8D5810009D4F7 /* EventCheck.app */,
			);
			name = Products;
			sourceTree = "<group>";
		};
		6B45ADC816E8D5810009D4F7 /* Frameworks */ = {
			isa = PBXGroup;
			children = (
				6B45ADC916E8D5810009D4F7 /* UIKit.framework */,
				6B45ADCB16E8D5810009D4F7 /* Foundation.framework */,
				6B45ADCD16E8D5810009D4F7 /* CoreGraphics.framework */,
			);
			name = Frameworks;
			sourceTree = "<group>";
		};
		6B45ADCF16E8D5810009D4F7 /* EventCheck */ = {
			isa = PBXGroup;
			children = (
				6B45ADD816E8D5810009D4F7 /* EventCheckAppDelegate.h */,
				6B45ADD916E8D5810009D4F7 /* EventCheckAppDelegate.m */,
				6B45ADE116E8D5810009D4F7 /* MainStoryboard.storyboard */,
				6B45ADE416E8D5810009D4F7 /* EventCheckViewController.h */,
				6B45ADE516E8D5810009D4F7 /* EventCheckViewController.m */,
				6B45ADD016E8D5810009D4F7 /* Supporting Files */,
				6B45AE0016E8DDBC0009D4F7 /* MyApplication.h */,
				6B45AE0116E8DDBC0009D4F7 /* MyApplication.m */,
				6B45ADEC16E8D5E90009D4F7 /* MyWindow.h */,
				6B45ADED16E8D5E90009D4F7 /* MyWindow.m */,
				6B45ADEF16E8D8550009D4F7 /* MyViewA.h */,
				6B45ADF016E8D8550009D4F7 /* MyViewA.m */,
				6B45ADF416E8DAF70009D4F7 /* MyViewB.h */,
				6B45ADF516E8DAF70009D4F7 /* MyViewB.m */,
				6B45ADF716E8DB100009D4F7 /* MyViewC.h */,
				6B45ADF816E8DB100009D4F7 /* MyViewC.m */,
				6B45ADFA16E8DB230009D4F7 /* MyViewD.h */,
				6B45ADFB16E8DB230009D4F7 /* MyViewD.m */,
				6B45ADFD16E8DB2E0009D4F7 /* MyViewE.h */,
				6B45ADFE16E8DB2E0009D4F7 /* MyViewE.m */,
			);
			path = EventCheck;
			sourceTree = "<group>";
		};
		6B45ADD016E8D5810009D4F7 /* Supporting Files */ = {
			isa = PBXGroup;
			children = (
				6B45ADD116E8D5810009D4F7 /* EventCheck-Info.plist */,
				6B45ADD216E8D5810009D4F7 /* InfoPlist.strings */,
				6B45ADD516E8D5810009D4F7 /* main.m */,
				6B45ADD716E8D5810009D4F7 /* EventCheck-Prefix.pch */,
				6B45ADDB16E8D5810009D4F7 /* Default.png */,
				6B45ADDD16E8D5810009D4F7 /* Default@2x.png */,
				6B45ADDF16E8D5810009D4F7 /* Default-568h@2x.png */,
			);
			name = "Supporting Files";
			sourceTree = "<group>";
		};
/* End PBXGroup section */

/* Begin PBXNativeTarget section */
		6B45ADC516E8D5810009D4F7 /* EventCheck */ = {
			isa = PBXNativeTarget;
			buildConfigurationList = 6B45ADE916E8D5810009D4F7 /* Build configuration list for PBXNativeTarget "EventCheck" */;
			buildPhases = (
				6B45ADC216E8D5810009D4F7 /* Sources */,
				6B45ADC316E8D5810009D4F7 /* Frameworks */,
				6B45ADC416E8D5810009D4F7 /* Resources */,
			);
			buildRules = (
			);
			dependencies = (
			);
			name = EventCheck;
			productName = EventCheck;
			productReference = 6B45ADC616E8D5810009D4F7 /* EventCheck.app */;
			productType = "com.apple.product-type.application";
		};
/* End PBXNativeTarget section */

/* Begin PBXProject section */
		6B45ADBE16E8D5810009D4F7 /* Project object */ = {
			isa = PBXProject;
			attributes = {
				CLASSPREFIX = EventCheck;
				LastUpgradeCheck = 0460;
				ORGANIZATIONNAME = tikidunpon;
			};
			buildConfigurationList = 6B45ADC116E8D5810009D4F7 /* Build configuration list for PBXProject "EventCheck" */;
			compatibilityVersion = "Xcode 3.2";
			developmentRegion = English;
			hasScannedForEncodings = 0;
			knownRegions = (
				en,
			);
			mainGroup = 6B45ADBD16E8D5810009D4F7;
			productRefGroup = 6B45ADC716E8D5810009D4F7 /* Products */;
			projectDirPath = "";
			projectRoot = "";
			targets = (
				6B45ADC516E8D5810009D4F7 /* EventCheck */,
			);
		};
/* End PBXProject section */

/* Begin PBXResourcesBuildPhase section */
		6B45ADC416E8D5810009D4F7 /* Resources */ = {
			isa = PBXResourcesBuildPhase;
			buildActionMask = 2147483647;
			files = (
				6B45ADD416E8D5810009D4F7 /* InfoPlist.strings in Resources */,
				6B45ADDC16E8D5810009D4F7 /* Default.png in Resources */,
				6B45ADDE16E8D5810009D4F7 /* Default@2x.png in Resources */,
				6B45ADE016E8D5810009D4F7 /* Default-568h@2x.png in Resources */,
				6B45ADE316E8D5810009D4F7 /* MainStoryboard.storyboard in Resources */,
			);
			runOnlyForDeploymentPostprocessing = 0;
		};
/* End PBXResourcesBuildPhase section */

/* Begin PBXSourcesBuildPhase section */
		6B45ADC216E8D5810009D4F7 /* Sources */ = {
			isa = PBXSourcesBuildPhase;
			buildActionMask = 2147483647;
			files = (
				6B45ADD616E8D5810009D4F7 /* main.m in Sources */,
				6B45ADDA16E8D5810009D4F7 /* EventCheckAppDelegate.m in Sources */,
				6B45ADE616E8D5810009D4F7 /* EventCheckViewController.m in Sources */,
				6B45ADEE16E8D5E90009D4F7 /* MyWindow.m in Sources */,
				6B45ADF116E8D8550009D4F7 /* MyViewA.m in Sources */,
				6B45ADF616E8DAF80009D4F7 /* MyViewB.m in Sources */,
				6B45ADF916E8DB100009D4F7 /* MyViewC.m in Sources */,
				6B45ADFC16E8DB230009D4F7 /* MyViewD.m in Sources */,
				6B45ADFF16E8DB2E0009D4F7 /* MyViewE.m in Sources */,
				6B45AE0216E8DDBC0009D4F7 /* MyApplication.m in Sources */,
			);
			runOnlyForDeploymentPostprocessing = 0;
		};
/* End PBXSourcesBuildPhase section */

/* Begin PBXVariantGroup section */
		6B45ADD216E8D5810009D4F7 /* InfoPlist.strings */ = {
			isa = PBXVariantGroup;
			children = (
				6B45ADD316E8D5810009D4F7 /* en */,
			);
			name = InfoPlist.strings;
			sourceTree = "<group>";
		};
		6B45ADE116E8D5810009D4F7 /* MainStoryboard.storyboard */ = {
			isa = PBXVariantGroup;
			children = (
				6B45ADE216E8D5810009D4F7 /* en */,
			);
			name = MainStoryboard.storyboard;
			sourceTree = "<group>";
		};
/* End PBXVariantGroup section */

/* Begin XCBuildConfiguration section */
		6B45ADE716E8D5810009D4F7 /* Debug */ = {
			isa = XCBuildConfiguration;
			buildSettings = {
				ALWAYS_SEARCH_USER_PATHS = NO;
				CLANG_CXX_LANGUAGE_STANDARD = "gnu++0x";
				CLANG_CXX_LIBRARY = "libc++";
				CLANG_ENABLE_OBJC_ARC = YES;
				CLANG_WARN_CONSTANT_CONVERSION = YES;
				CLANG_WARN_EMPTY_BODY = YES;
				CLANG_WARN_ENUM_CONVERSION = YES;
				CLANG_WARN_INT_CONVERSION = YES;
				CLANG_WARN__DUPLICATE_METHOD_MATCH = YES;
				CODE_SIGN_IDENTITY = "";
				"CODE_SIGN_IDENTITY[sdk=iphoneos*]" = "";
				COPY_PHASE_STRIP = NO;
				GCC_C_LANGUAGE_STANDARD = gnu99;
				GCC_DYNAMIC_NO_PIC = NO;
				GCC_OPTIMIZATION_LEVEL = 0;
				GCC_PREPROCESSOR_DEFINITIONS = (
					"DEBUG=1",
					"$(inherited)",
				);
				GCC_SYMBOLS_PRIVATE_EXTERN = NO;
				GCC_WARN_ABOUT_RETURN_TYPE = YES;
				GCC_WARN_UNINITIALIZED_AUTOS = YES;
				GCC_WARN_UNUSED_VARIABLE = YES;
				IPHONEOS_DEPLOYMENT_TARGET = 5.1;
				ONLY_ACTIVE_ARCH = YES;
				SDKROOT = iphoneos;
			};
			name = Debug;
		};
		6B45ADE816E8D5810009D4F7 /* Release */ = {
			isa = XCBuildConfiguration;
			buildSettings = {
				ALWAYS_SEARCH_USER_PATHS = NO;
				CLANG_CXX_LANGUAGE_STANDARD = "gnu++0x";
				CLANG_CXX_LIBRARY = "libc++";
				CLANG_ENABLE_OBJC_ARC = YES;
				CLANG_WARN_CONSTANT_CONVERSION = YES;
				CLANG_WARN_EMPTY_BODY = YES;
				CLANG_WARN_ENUM_CONVERSION = YES;
				CLANG_WARN_INT_CONVERSION = YES;
				CLANG_WARN__DUPLICATE_METHOD_MATCH = YES;
				CODE_SIGN_IDENTITY = "";
				"CODE_SIGN_IDENTITY[sdk=iphoneos*]" = "";
				COPY_PHASE_STRIP = YES;
				GCC_C_LANGUAGE_STANDARD = gnu99;
				GCC_WARN_ABOUT_RETURN_TYPE = YES;
				GCC_WARN_UNINITIALIZED_AUTOS = YES;
				GCC_WARN_UNUSED_VARIABLE = YES;
				IPHONEOS_DEPLOYMENT_TARGET = 5.1;
				OTHER_CFLAGS = "-DNS_BLOCK_ASSERTIONS=1";
				SDKROOT = iphoneos;
				VALIDATE_PRODUCT = YES;
			};
			name = Release;
		};
		6B45ADEA16E8D5810009D4F7 /* Debug */ = {
			isa = XCBuildConfiguration;
			buildSettings = {
				GCC_PRECOMPILE_PREFIX_HEADER = YES;
				GCC_PREFIX_HEADER = "EventCheck/EventCheck-Prefix.pch";
				INFOPLIST_FILE = "EventCheck/EventCheck-Info.plist";
				PRODUCT_NAME = "$(TARGET_NAME)";
				WRAPPER_EXTENSION = app;
			};
			name = Debug;
		};
		6B45ADEB16E8D5810009D4F7 /* Release */ = {
			isa = XCBuildConfiguration;
			buildSettings = {
				GCC_PRECOMPILE_PREFIX_HEADER = YES;
				GCC_PREFIX_HEADER = "EventCheck/EventCheck-Prefix.pch";
				INFOPLIST_FILE = "EventCheck/EventCheck-Info.plist";
				PRODUCT_NAME = "$(TARGET_NAME)";
				WRAPPER_EXTENSION = app;
			};
			name = Release;
		};
/* End XCBuildConfiguration section */

/* Begin XCConfigurationList section */
		6B45ADC116E8D5810009D4F7 /* Build configuration list for PBXProject "EventCheck" */ = {
			isa = XCConfigurationList;
			buildConfigurations = (
				6B45ADE716E8D5810009D4F7 /* Debug */,
				6B45ADE816E8D5810009D4F7 /* Release */,
			);
			defaultConfigurationIsVisible = 0;
			defaultConfigurationName = Release;
		};
		6B45ADE916E8D5810009D4F7 /* Build configuration list for PBXNativeTarget "EventCheck" */ = {
			isa = XCConfigurationList;
			buildConfigurations = (
				6B45ADEA16E8D5810009D4F7 /* Debug */,
				6B45ADEB16E8D5810009D4F7 /* Release */,
			);
			defaultConfigurationIsVisible = 0;
			defaultConfigurationName = Release;
		};
/* End XCConfigurationList section */
	};
	rootObject = 6B45ADBE16E8D5810009D4F7 /* Project object */;
}
